
Microsoft Visual Studio Solution File, Format Version 12.00
# Visual Studio Version 17
VisualStudioVersion = 17.7.34221.43
MinimumVisualStudioVersion = 10.0.40219.1
Project("{9A19103F-16F7-4668-BE54-9A1E7A4F7556}") = "3DxWare.NET", "3DxWare.NET\3DxWare.NET.csproj", "{50BBBD4B-268A-4326-9267-34DD35BAB367}"
EndProject
Global
	GlobalSection(SolutionConfigurationPlatforms) = preSolution
		Debug|x64 = Debug|x64
		Release|x64 = Release|x64
	EndGlobalSection
	GlobalSection(ProjectConfigurationPlatforms) = postSolution
		{50BBBD4B-268A-4326-9267-34DD35BAB367}.Debug|x64.ActiveCfg = Debug|x64
		{50BBBD4B-268A-4326-9267-34DD35BAB367}.Debug|x64.Build.0 = Debug|x64
		{50BBBD4B-268A-4326-9267-34DD35BAB367}.Release|x64.ActiveCfg = Release|x64
		{50BBBD4B-268A-4326-9267-34DD35BAB367}.Release|x64.Build.0 = Release|x64
	EndGlobalSection
	GlobalSection(SolutionProperties) = preSolution
		HideSolutionNode = FALSE
	EndGlobalSection
	GlobalSection(ExtensibilityGlobals) = postSolution
		SolutionGuid = {441F849A-FF63-4253-A868-EC1B31C721E3}
	EndGlobalSection
EndGlobal
